
Microsoft Visual Studio Solution File, Format Version 12.00
# Visual Studio Version 17
VisualStudioVersion = 17.5.33502.453
MinimumVisualStudioVersion = 10.0.40219.1
Project("{FAE04EC0-301F-11D3-BF4B-00C04F79EFBC}") = "D_3_N_4", "D_3_N_4.csproj", "{0DEA0635-467A-4365-AB94-3A8272B19D33}"
EndProject
Global
	GlobalSection(SolutionConfigurationPlatforms) = preSolution
		Debug|Any CPU = Debug|Any CPU
		Release|Any CPU = Release|Any CPU
	EndGlobalSection
	GlobalSection(ProjectConfigurationPlatforms) = postSolution
		{0DEA0635-467A-4365-AB94-3A8272B19D33}.Debug|Any CPU.ActiveCfg = Debug|Any CPU
		{0DEA0635-467A-4365-AB94-3A8272B19D33}.Debug|Any CPU.Build.0 = Debug|Any CPU
		{0DEA0635-467A-4365-AB94-3A8272B19D33}.Release|Any CPU.ActiveCfg = Release|Any CPU
		{0DEA0635-467A-4365-AB94-3A8272B19D33}.Release|Any CPU.Build.0 = Release|Any CPU
	EndGlobalSection
	GlobalSection(SolutionProperties) = preSolution
		HideSolutionNode = FALSE
	EndGlobalSection
	GlobalSection(ExtensibilityGlobals) = postSolution
		SolutionGuid = {C9AE4C77-542F-4326-90C8-5370BF96D943}
	EndGlobalSection
EndGlobal
